
Microsoft Visual Studio Solution File, Format Version 12.00
# Visual Studio Version 17
VisualStudioVersion = 17.1.32210.238
MinimumVisualStudioVersion = 10.0.40219.1
Project("{9A19103F-16F7-4668-BE54-9A1E7A4F7556}") = "ClientData", "Data\ClientData.csproj", "{B4A4209A-A0D4-4B24-BC1F-5F147B14F410}"
EndProject
Project("{9A19103F-16F7-4668-BE54-9A1E7A4F7556}") = "ClientLogic", "Logic\ClientLogic.csproj", "{CA6D04D3-3D5A-459E-A351-8A5830E817B9}"
EndProject
Project("{9A19103F-16F7-4668-BE54-9A1E7A4F7556}") = "View", "View\View.csproj", "{F331C896-4D5F-4EDB-828E-B62875DA8F50}"
EndProject
Project("{9A19103F-16F7-4668-BE54-9A1E7A4F7556}") = "Model", "Model\Model.csproj", "{D3D6DA89-A02D-4AC2-92B9-98AE8C633EB2}"
EndProject
Project("{9A19103F-16F7-4668-BE54-9A1E7A4F7556}") = "ViewModel", "ViewModel\ViewModel.csproj", "{A6E893B4-7E2E-4C22-89DD-5ED7F6D32DB1}"
EndProject
Project("{9A19103F-16F7-4668-BE54-9A1E7A4F7556}") = "ClientDataTest", "DataTest\ClientDataTest.csproj", "{F276F657-730C-4631-84D0-A1149DF2CFF3}"
EndProject
Project("{9A19103F-16F7-4668-BE54-9A1E7A4F7556}") = "ClientLogicTest", "LogicTest\ClientLogicTest.csproj", "{862F9197-EEEF-4F37-8818-A3F73FC23A88}"
EndProject
Project("{2150E333-8FDC-42A3-9474-1A3956D46DE8}") = "Client", "Client", "{437DF1B3-062A-4222-9F2B-8E18B87E7C19}"
EndProject
Project("{2150E333-8FDC-42A3-9474-1A3956D46DE8}") = "Server", "Server", "{26B4DC1F-9F2C-4FBC-8CD7-F589CE5DB554}"
EndProject
Project("{9A19103F-16F7-4668-BE54-9A1E7A4F7556}") = "ServerData", "ServerData\ServerData.csproj", "{ED8F3122-E590-484A-B624-EE52E4ADF455}"
EndProject
Project("{9A19103F-16F7-4668-BE54-9A1E7A4F7556}") = "ServerLogic", "ServerLogic\ServerLogic.csproj", "{D65DB969-527C-49D3-ABB1-E0AF5E3AA93A}"
EndProject
Project("{9A19103F-16F7-4668-BE54-9A1E7A4F7556}") = "ClientApi", "ClientApi\ClientApi.csproj", "{EB510275-53AE-4DCC-ABE4-E797EF20B25A}"
EndProject
Project("{FAE04EC0-301F-11D3-BF4B-00C04F79EFBC}") = "ServerDataTest", "ServerDataTest\ServerDataTest.csproj", "{80C9F7E8-0985-479B-A04F-0663E9521665}"
EndProject
Global
	GlobalSection(SolutionConfigurationPlatforms) = preSolution
		Debug|Any CPU = Debug|Any CPU
		Release|Any CPU = Release|Any CPU
	EndGlobalSection
	GlobalSection(ProjectConfigurationPlatforms) = postSolution
		{B4A4209A-A0D4-4B24-BC1F-5F147B14F410}.Debug|Any CPU.ActiveCfg = Debug|Any CPU
		{B4A4209A-A0D4-4B24-BC1F-5F147B14F410}.Debug|Any CPU.Build.0 = Debug|Any CPU
		{B4A4209A-A0D4-4B24-BC1F-5F147B14F410}.Release|Any CPU.ActiveCfg = Release|Any CPU
		{B4A4209A-A0D4-4B24-BC1F-5F147B14F410}.Release|Any CPU.Build.0 = Release|Any CPU
		{CA6D04D3-3D5A-459E-A351-8A5830E817B9}.Debug|Any CPU.ActiveCfg = Debug|Any CPU
		{CA6D04D3-3D5A-459E-A351-8A5830E817B9}.Debug|Any CPU.Build.0 = Debug|Any CPU
		{CA6D04D3-3D5A-459E-A351-8A5830E817B9}.Release|Any CPU.ActiveCfg = Release|Any CPU
		{CA6D04D3-3D5A-459E-A351-8A5830E817B9}.Release|Any CPU.Build.0 = Release|Any CPU
		{F331C896-4D5F-4EDB-828E-B62875DA8F50}.Debug|Any CPU.ActiveCfg = Debug|Any CPU
		{F331C896-4D5F-4EDB-828E-B62875DA8F50}.Debug|Any CPU.Build.0 = Debug|Any CPU
		{F331C896-4D5F-4EDB-828E-B62875DA8F50}.Release|Any CPU.ActiveCfg = Release|Any CPU
		{F331C896-4D5F-4EDB-828E-B62875DA8F50}.Release|Any CPU.Build.0 = Release|Any CPU
		{D3D6DA89-A02D-4AC2-92B9-98AE8C633EB2}.Debug|Any CPU.ActiveCfg = Debug|Any CPU
		{D3D6DA89-A02D-4AC2-92B9-98AE8C633EB2}.Debug|Any CPU.Build.0 = Debug|Any CPU
		{D3D6DA89-A02D-4AC2-92B9-98AE8C633EB2}.Release|Any CPU.ActiveCfg = Release|Any CPU
		{D3D6DA89-A02D-4AC2-92B9-98AE8C633EB2}.Release|Any CPU.Build.0 = Release|Any CPU
		{A6E893B4-7E2E-4C22-89DD-5ED7F6D32DB1}.Debug|Any CPU.ActiveCfg = Debug|Any CPU
		{A6E893B4-7E2E-4C22-89DD-5ED7F6D32DB1}.Debug|Any CPU.Build.0 = Debug|Any CPU
		{A6E893B4-7E2E-4C22-89DD-5ED7F6D32DB1}.Release|Any CPU.ActiveCfg = Release|Any CPU
		{A6E893B4-7E2E-4C22-89DD-5ED7F6D32DB1}.Release|Any CPU.Build.0 = Release|Any CPU
		{F276F657-730C-4631-84D0-A1149DF2CFF3}.Debug|Any CPU.ActiveCfg = Debug|Any CPU
		{F276F657-730C-4631-84D0-A1149DF2CFF3}.Debug|Any CPU.Build.0 = Debug|Any CPU
		{F276F657-730C-4631-84D0-A1149DF2CFF3}.Release|Any CPU.ActiveCfg = Release|Any CPU
		{F276F657-730C-4631-84D0-A1149DF2CFF3}.Release|Any CPU.Build.0 = Release|Any CPU
		{862F9197-EEEF-4F37-8818-A3F73FC23A88}.Debug|Any CPU.ActiveCfg = Debug|Any CPU
		{862F9197-EEEF-4F37-8818-A3F73FC23A88}.Debug|Any CPU.Build.0 = Debug|Any CPU
		{862F9197-EEEF-4F37-8818-A3F73FC23A88}.Release|Any CPU.ActiveCfg = Release|Any CPU
		{862F9197-EEEF-4F37-8818-A3F73FC23A88}.Release|Any CPU.Build.0 = Release|Any CPU
		{ED8F3122-E590-484A-B624-EE52E4ADF455}.Debug|Any CPU.ActiveCfg = Debug|Any CPU
		{ED8F3122-E590-484A-B624-EE52E4ADF455}.Debug|Any CPU.Build.0 = Debug|Any CPU
		{ED8F3122-E590-484A-B624-EE52E4ADF455}.Release|Any CPU.ActiveCfg = Release|Any CPU
		{ED8F3122-E590-484A-B624-EE52E4ADF455}.Release|Any CPU.Build.0 = Release|Any CPU
		{D65DB969-527C-49D3-ABB1-E0AF5E3AA93A}.Debug|Any CPU.ActiveCfg = Debug|Any CPU
		{D65DB969-527C-49D3-ABB1-E0AF5E3AA93A}.Debug|Any CPU.Build.0 = Debug|Any CPU
		{D65DB969-527C-49D3-ABB1-E0AF5E3AA93A}.Release|Any CPU.ActiveCfg = Release|Any CPU
		{D65DB969-527C-49D3-ABB1-E0AF5E3AA93A}.Release|Any CPU.Build.0 = Release|Any CPU
		{EB510275-53AE-4DCC-ABE4-E797EF20B25A}.Debug|Any CPU.ActiveCfg = Debug|Any CPU
		{EB510275-53AE-4DCC-ABE4-E797EF20B25A}.Debug|Any CPU.Build.0 = Debug|Any CPU
		{EB510275-53AE-4DCC-ABE4-E797EF20B25A}.Release|Any CPU.ActiveCfg = Release|Any CPU
		{EB510275-53AE-4DCC-ABE4-E797EF20B25A}.Release|Any CPU.Build.0 = Release|Any CPU
		{80C9F7E8-0985-479B-A04F-0663E9521665}.Debug|Any CPU.ActiveCfg = Debug|Any CPU
		{80C9F7E8-0985-479B-A04F-0663E9521665}.Debug|Any CPU.Build.0 = Debug|Any CPU
		{80C9F7E8-0985-479B-A04F-0663E9521665}.Release|Any CPU.ActiveCfg = Release|Any CPU
		{80C9F7E8-0985-479B-A04F-0663E9521665}.Release|Any CPU.Build.0 = Release|Any CPU
	EndGlobalSection
	GlobalSection(SolutionProperties) = preSolution
		HideSolutionNode = FALSE
	EndGlobalSection
	GlobalSection(NestedProjects) = preSolution
		{B4A4209A-A0D4-4B24-BC1F-5F147B14F410} = {437DF1B3-062A-4222-9F2B-8E18B87E7C19}
		{CA6D04D3-3D5A-459E-A351-8A5830E817B9} = {437DF1B3-062A-4222-9F2B-8E18B87E7C19}
		{F331C896-4D5F-4EDB-828E-B62875DA8F50} = {437DF1B3-062A-4222-9F2B-8E18B87E7C19}
		{D3D6DA89-A02D-4AC2-92B9-98AE8C633EB2} = {437DF1B3-062A-4222-9F2B-8E18B87E7C19}
		{A6E893B4-7E2E-4C22-89DD-5ED7F6D32DB1} = {437DF1B3-062A-4222-9F2B-8E18B87E7C19}
		{F276F657-730C-4631-84D0-A1149DF2CFF3} = {437DF1B3-062A-4222-9F2B-8E18B87E7C19}
		{862F9197-EEEF-4F37-8818-A3F73FC23A88} = {437DF1B3-062A-4222-9F2B-8E18B87E7C19}
		{ED8F3122-E590-484A-B624-EE52E4ADF455} = {26B4DC1F-9F2C-4FBC-8CD7-F589CE5DB554}
		{D65DB969-527C-49D3-ABB1-E0AF5E3AA93A} = {26B4DC1F-9F2C-4FBC-8CD7-F589CE5DB554}
		{80C9F7E8-0985-479B-A04F-0663E9521665} = {26B4DC1F-9F2C-4FBC-8CD7-F589CE5DB554}
	EndGlobalSection
	GlobalSection(ExtensibilityGlobals) = postSolution
		SolutionGuid = {7B673BE9-A4A0-4C28-8A1B-908778827F1C}
	EndGlobalSection
EndGlobal
