
Microsoft Visual Studio Solution File, Format Version 12.00
# Visual Studio Version 17
VisualStudioVersion = 17.1.32210.238
MinimumVisualStudioVersion = 10.0.40219.1
Project("{FAE04EC0-301F-11D3-BF4B-00C04F79EFBC}") = "Programowanie urzadzen mobilnych", "Programowanie urzadzen mobilnych\Programowanie urzadzen mobilnych.csproj", "{238A3333-D8A2-4069-9D21-0DF640DF255B}"
EndProject
Global
	GlobalSection(SolutionConfigurationPlatforms) = preSolution
		Debug|Any CPU = Debug|Any CPU
		Release|Any CPU = Release|Any CPU
	EndGlobalSection
	GlobalSection(ProjectConfigurationPlatforms) = postSolution
		{238A3333-D8A2-4069-9D21-0DF640DF255B}.Debug|Any CPU.ActiveCfg = Debug|Any CPU
		{238A3333-D8A2-4069-9D21-0DF640DF255B}.Debug|Any CPU.Build.0 = Debug|Any CPU
		{238A3333-D8A2-4069-9D21-0DF640DF255B}.Release|Any CPU.ActiveCfg = Release|Any CPU
		{238A3333-D8A2-4069-9D21-0DF640DF255B}.Release|Any CPU.Build.0 = Release|Any CPU
	EndGlobalSection
	GlobalSection(SolutionProperties) = preSolution
		HideSolutionNode = FALSE
	EndGlobalSection
	GlobalSection(ExtensibilityGlobals) = postSolution
		SolutionGuid = {7B673BE9-A4A0-4C28-8A1B-908778827F1C}
	EndGlobalSection
EndGlobal
